
Microsoft Visual Studio Solution File, Format Version 12.00
# Visual Studio Version 16
VisualStudioVersion = 16.0.31205.134
MinimumVisualStudioVersion = 10.0.40219.1
Project("{FAE04EC0-301F-11D3-BF4B-00C04F79EFBC}") = "senai_peoples_webApi", "senai_peoples_webApi\senai_peoples_webApi.csproj", "{8AE3F64E-047B-4C69-9A70-1A2920593917}"
EndProject
Global
	GlobalSection(SolutionConfigurationPlatforms) = preSolution
		Debug|Any CPU = Debug|Any CPU
		Release|Any CPU = Release|Any CPU
	EndGlobalSection
	GlobalSection(ProjectConfigurationPlatforms) = postSolution
		{8AE3F64E-047B-4C69-9A70-1A2920593917}.Debug|Any CPU.ActiveCfg = Debug|Any CPU
		{8AE3F64E-047B-4C69-9A70-1A2920593917}.Debug|Any CPU.Build.0 = Debug|Any CPU
		{8AE3F64E-047B-4C69-9A70-1A2920593917}.Release|Any CPU.ActiveCfg = Release|Any CPU
		{8AE3F64E-047B-4C69-9A70-1A2920593917}.Release|Any CPU.Build.0 = Release|Any CPU
	EndGlobalSection
	GlobalSection(SolutionProperties) = preSolution
		HideSolutionNode = FALSE
	EndGlobalSection
	GlobalSection(ExtensibilityGlobals) = postSolution
		SolutionGuid = {6FDBB3E5-E5FB-4AC0-B4BE-B63AFD9353CB}
	EndGlobalSection
EndGlobal
